
Microsoft Visual Studio Solution File, Format Version 12.00
# Visual Studio 15
VisualStudioVersion = 15.0.26430.4
MinimumVisualStudioVersion = 10.0.40219.1
Project("{FAE04EC0-301F-11D3-BF4B-00C04F79EFBC}") = "Wikiled.Text.Analysis", "Wikiled.Text.Analysis\Wikiled.Text.Analysis.csproj", "{B51A4819-9B3F-48EC-B898-BF66844936B7}"
EndProject
Project("{FAE04EC0-301F-11D3-BF4B-00C04F79EFBC}") = "Wikiled.Text.Analysis.Tests", "Wikiled.Text.Analysis.Tests\Wikiled.Text.Analysis.Tests.csproj", "{997A63D0-0576-4F45-9479-4611644A5F40}"
EndProject
Global
	GlobalSection(SolutionConfigurationPlatforms) = preSolution
		Debug|Any CPU = Debug|Any CPU
		Release|Any CPU = Release|Any CPU
	EndGlobalSection
	GlobalSection(ProjectConfigurationPlatforms) = postSolution
		{B51A4819-9B3F-48EC-B898-BF66844936B7}.Debug|Any CPU.ActiveCfg = Debug|Any CPU
		{B51A4819-9B3F-48EC-B898-BF66844936B7}.Debug|Any CPU.Build.0 = Debug|Any CPU
		{B51A4819-9B3F-48EC-B898-BF66844936B7}.Release|Any CPU.ActiveCfg = Release|Any CPU
		{B51A4819-9B3F-48EC-B898-BF66844936B7}.Release|Any CPU.Build.0 = Release|Any CPU
		{997A63D0-0576-4F45-9479-4611644A5F40}.Debug|Any CPU.ActiveCfg = Debug|Any CPU
		{997A63D0-0576-4F45-9479-4611644A5F40}.Debug|Any CPU.Build.0 = Debug|Any CPU
		{997A63D0-0576-4F45-9479-4611644A5F40}.Release|Any CPU.ActiveCfg = Release|Any CPU
		{997A63D0-0576-4F45-9479-4611644A5F40}.Release|Any CPU.Build.0 = Release|Any CPU
	EndGlobalSection
	GlobalSection(SolutionProperties) = preSolution
		HideSolutionNode = FALSE
	EndGlobalSection
EndGlobal
